// !$*UTF8*$!
{
	archiveVersion = 1;
	classes = {
	};
	objectVersion = 46;
	objects = {

/* Begin PBXBuildFile section */
		74A483151CC5E1A8000EAD5F /* main.m in Sources */ = {isa = PBXBuildFile; fileRef = 74A483141CC5E1A8000EAD5F /* main.m */; };
		74A483181CC5E1A8000EAD5F /* AppDelegate.m in Sources */ = {isa = PBXBuildFile; fileRef = 74A483171CC5E1A8000EAD5F /* AppDelegate.m */; };
		74A4831B1CC5E1A8000EAD5F /* ViewController.m in Sources */ = {isa = PBXBuildFile; fileRef = 74A4831A1CC5E1A8000EAD5F /* ViewController.m */; };
		74A4831E1CC5E1A8000EAD5F /* Main.storyboard in Resources */ = {isa = PBXBuildFile; fileRef = 74A4831C1CC5E1A8000EAD5F /* Main.storyboard */; };
		74A483201CC5E1A8000EAD5F /* Assets.xcassets in Resources */ = {isa = PBXBuildFile; fileRef = 74A4831F1CC5E1A8000EAD5F /* Assets.xcassets */; };
		74A483231CC5E1A8000EAD5F /* LaunchScreen.storyboard in Resources */ = {isa = PBXBuildFile; fileRef = 74A483211CC5E1A8000EAD5F /* LaunchScreen.storyboard */; };
		74A4832E1CC5E1A8000EAD5F /* VFLTests.m in Sources */ = {isa = PBXBuildFile; fileRef = 74A4832D1CC5E1A8000EAD5F /* VFLTests.m */; };
		74A483391CC5E1A8000EAD5F /* VFLUITests.m in Sources */ = {isa = PBXBuildFile; fileRef = 74A483381CC5E1A8000EAD5F /* VFLUITests.m */; };
/* End PBXBuildFile section */

/* Begin PBXContainerItemProxy section */
		74A4832A1CC5E1A8000EAD5F /* PBXContainerItemProxy */ = {
			isa = PBXContainerItemProxy;
			containerPortal = 74A483081CC5E1A8000EAD5F /* Project object */;
			proxyType = 1;
			remoteGlobalIDString = 74A4830F1CC5E1A8000EAD5F;
			remoteInfo = VFL;
		};
		74A483351CC5E1A8000EAD5F /* PBXContainerItemProxy */ = {
			isa = PBXContainerItemProxy;
			containerPortal = 74A483081CC5E1A8000EAD5F /* Project object */;
			proxyType = 1;
			remoteGlobalIDString = 74A4830F1CC5E1A8000EAD5F;
			remoteInfo = VFL;
		};
/* End PBXContainerItemProxy section */

/* Begin PBXFileReference section */
		74A483101CC5E1A8000EAD5F /* VFL.app */ = {isa = PBXFileReference; explicitFileType = wrapper.application; includeInIndex = 0; path = VFL.app; sourceTree = BUILT_PRODUCTS_DIR; };
		74A483141CC5E1A8000EAD5F /* main.m */ = {isa = PBXFileReference; lastKnownFileType = sourcecode.c.objc; path = main.m; sourceTree = "<group>"; };
		74A483161CC5E1A8000EAD5F /* AppDelegate.h */ = {isa = PBXFileReference; lastKnownFileType = sourcecode.c.h; path = AppDelegate.h; sourceTree = "<group>"; };
		74A483171CC5E1A8000EAD5F /* AppDelegate.m */ = {isa = PBXFileReference; lastKnownFileType = sourcecode.c.objc; path = AppDelegate.m; sourceTree = "<group>"; };
		74A483191CC5E1A8000EAD5F /* ViewController.h */ = {isa = PBXFileReference; lastKnownFileType = sourcecode.c.h; path = ViewController.h; sourceTree = "<group>"; };
		74A4831A1CC5E1A8000EAD5F /* ViewController.m */ = {isa = PBXFileReference; lastKnownFileType = sourcecode.c.objc; path = ViewController.m; sourceTree = "<group>"; };
		74A4831D1CC5E1A8000EAD5F /* Base */ = {isa = PBXFileReference; lastKnownFileType = file.storyboard; name = Base; path = Base.lproj/Main.storyboard; sourceTree = "<group>"; };
		74A4831F1CC5E1A8000EAD5F /* Assets.xcassets */ = {isa = PBXFileReference; lastKnownFileType = folder.assetcatalog; path = Assets.xcassets; sourceTree = "<group>"; };
		74A483221CC5E1A8000EAD5F /* Base */ = {isa = PBXFileReference; lastKnownFileType = file.storyboard; name = Base; path = Base.lproj/LaunchScreen.storyboard; sourceTree = "<group>"; };
		74A483241CC5E1A8000EAD5F /* Info.plist */ = {isa = PBXFileReference; lastKnownFileType = text.plist.xml; path = Info.plist; sourceTree = "<group>"; };
		74A483291CC5E1A8000EAD5F /* VFLTests.xctest */ = {isa = PBXFileReference; explicitFileType = wrapper.cfbundle; includeInIndex = 0; path = VFLTests.xctest; sourceTree = BUILT_PRODUCTS_DIR; };
		74A4832D1CC5E1A8000EAD5F /* VFLTests.m */ = {isa = PBXFileReference; lastKnownFileType = sourcecode.c.objc; path = VFLTests.m; sourceTree = "<group>"; };
		74A4832F1CC5E1A8000EAD5F /* Info.plist */ = {isa = PBXFileReference; lastKnownFileType = text.plist.xml; path = Info.plist; sourceTree = "<group>"; };
		74A483341CC5E1A8000EAD5F /* VFLUITests.xctest */ = {isa = PBXFileReference; explicitFileType = wrapper.cfbundle; includeInIndex = 0; path = VFLUITests.xctest; sourceTree = BUILT_PRODUCTS_DIR; };
		74A483381CC5E1A8000EAD5F /* VFLUITests.m */ = {isa = PBXFileReference; lastKnownFileType = sourcecode.c.objc; path = VFLUITests.m; sourceTree = "<group>"; };
		74A4833A1CC5E1A8000EAD5F /* Info.plist */ = {isa = PBXFileReference; lastKnownFileType = text.plist.xml; path = Info.plist; sourceTree = "<group>"; };
/* End PBXFileReference section */

/* Begin PBXFrameworksBuildPhase section */
		74A4830D1CC5E1A8000EAD5F /* Frameworks */ = {
			isa = PBXFrameworksBuildPhase;
			buildActionMask = 2147483647;
			files = (
			);
			runOnlyForDeploymentPostprocessing = 0;
		};
		74A483261CC5E1A8000EAD5F /* Frameworks */ = {
			isa = PBXFrameworksBuildPhase;
			buildActionMask = 2147483647;
			files = (
			);
			runOnlyForDeploymentPostprocessing = 0;
		};
		74A483311CC5E1A8000EAD5F /* Frameworks */ = {
			isa = PBXFrameworksBuildPhase;
			buildActionMask = 2147483647;
			files = (
			);
			runOnlyForDeploymentPostprocessing = 0;
		};
/* End PBXFrameworksBuildPhase section */

/* Begin PBXGroup section */
		74A483071CC5E1A8000EAD5F = {
			isa = PBXGroup;
			children = (
				74A483121CC5E1A8000EAD5F /* VFL */,
				74A4832C1CC5E1A8000EAD5F /* VFLTests */,
				74A483371CC5E1A8000EAD5F /* VFLUITests */,
				74A483111CC5E1A8000EAD5F /* Products */,
			);
			sourceTree = "<group>";
		};
		74A483111CC5E1A8000EAD5F /* Products */ = {
			isa = PBXGroup;
			children = (
				74A483101CC5E1A8000EAD5F /* VFL.app */,
				74A483291CC5E1A8000EAD5F /* VFLTests.xctest */,
				74A483341CC5E1A8000EAD5F /* VFLUITests.xctest */,
			);
			name = Products;
			sourceTree = "<group>";
		};
		74A483121CC5E1A8000EAD5F /* VFL */ = {
			isa = PBXGroup;
			children = (
				74A483161CC5E1A8000EAD5F /* AppDelegate.h */,
				74A483171CC5E1A8000EAD5F /* AppDelegate.m */,
				74A483191CC5E1A8000EAD5F /* ViewController.h */,
				74A4831A1CC5E1A8000EAD5F /* ViewController.m */,
				74A4831C1CC5E1A8000EAD5F /* Main.storyboard */,
				74A4831F1CC5E1A8000EAD5F /* Assets.xcassets */,
				74A483211CC5E1A8000EAD5F /* LaunchScreen.storyboard */,
				74A483241CC5E1A8000EAD5F /* Info.plist */,
				74A483131CC5E1A8000EAD5F /* Supporting Files */,
			);
			path = VFL;
			sourceTree = "<group>";
		};
		74A483131CC5E1A8000EAD5F /* Supporting Files */ = {
			isa = PBXGroup;
			children = (
				74A483141CC5E1A8000EAD5F /* main.m */,
			);
			name = "Supporting Files";
			sourceTree = "<group>";
		};
		74A4832C1CC5E1A8000EAD5F /* VFLTests */ = {
			isa = PBXGroup;
			children = (
				74A4832D1CC5E1A8000EAD5F /* VFLTests.m */,
				74A4832F1CC5E1A8000EAD5F /* Info.plist */,
			);
			path = VFLTests;
			sourceTree = "<group>";
		};
		74A483371CC5E1A8000EAD5F /* VFLUITests */ = {
			isa = PBXGroup;
			children = (
				74A483381CC5E1A8000EAD5F /* VFLUITests.m */,
				74A4833A1CC5E1A8000EAD5F /* Info.plist */,
			);
			path = VFLUITests;
			sourceTree = "<group>";
		};
/* End PBXGroup section */

/* Begin PBXNativeTarget section */
		74A4830F1CC5E1A8000EAD5F /* VFL */ = {
			isa = PBXNativeTarget;
			buildConfigurationList = 74A4833D1CC5E1A8000EAD5F /* Build configuration list for PBXNativeTarget "VFL" */;
			buildPhases = (
				74A4830C1CC5E1A8000EAD5F /* Sources */,
				74A4830D1CC5E1A8000EAD5F /* Frameworks */,
				74A4830E1CC5E1A8000EAD5F /* Resources */,
			);
			buildRules = (
			);
			dependencies = (
			);
			name = VFL;
			productName = VFL;
			productReference = 74A483101CC5E1A8000EAD5F /* VFL.app */;
			productType = "com.apple.product-type.application";
		};
		74A483281CC5E1A8000EAD5F /* VFLTests */ = {
			isa = PBXNativeTarget;
			buildConfigurationList = 74A483401CC5E1A8000EAD5F /* Build configuration list for PBXNativeTarget "VFLTests" */;
			buildPhases = (
				74A483251CC5E1A8000EAD5F /* Sources */,
				74A483261CC5E1A8000EAD5F /* Frameworks */,
				74A483271CC5E1A8000EAD5F /* Resources */,
			);
			buildRules = (
			);
			dependencies = (
				74A4832B1CC5E1A8000EAD5F /* PBXTargetDependency */,
			);
			name = VFLTests;
			productName = VFLTests;
			productReference = 74A483291CC5E1A8000EAD5F /* VFLTests.xctest */;
			productType = "com.apple.product-type.bundle.unit-test";
		};
		74A483331CC5E1A8000EAD5F /* VFLUITests */ = {
			isa = PBXNativeTarget;
			buildConfigurationList = 74A483431CC5E1A8000EAD5F /* Build configuration list for PBXNativeTarget "VFLUITests" */;
			buildPhases = (
				74A483301CC5E1A8000EAD5F /* Sources */,
				74A483311CC5E1A8000EAD5F /* Frameworks */,
				74A483321CC5E1A8000EAD5F /* Resources */,
			);
			buildRules = (
			);
			dependencies = (
				74A483361CC5E1A8000EAD5F /* PBXTargetDependency */,
			);
			name = VFLUITests;
			productName = VFLUITests;
			productReference = 74A483341CC5E1A8000EAD5F /* VFLUITests.xctest */;
			productType = "com.apple.product-type.bundle.ui-testing";
		};
/* End PBXNativeTarget section */

/* Begin PBXProject section */
		74A483081CC5E1A8000EAD5F /* Project object */ = {
			isa = PBXProject;
			attributes = {
				LastUpgradeCheck = 0720;
				ORGANIZATIONNAME = jeck;
				TargetAttributes = {
					74A4830F1CC5E1A8000EAD5F = {
						CreatedOnToolsVersion = 7.2;
					};
					74A483281CC5E1A8000EAD5F = {
						CreatedOnToolsVersion = 7.2;
						TestTargetID = 74A4830F1CC5E1A8000EAD5F;
					};
					74A483331CC5E1A8000EAD5F = {
						CreatedOnToolsVersion = 7.2;
						TestTargetID = 74A4830F1CC5E1A8000EAD5F;
					};
				};
			};
			buildConfigurationList = 74A4830B1CC5E1A8000EAD5F /* Build configuration list for PBXProject "VFL" */;
			compatibilityVersion = "Xcode 3.2";
			developmentRegion = English;
			hasScannedForEncodings = 0;
			knownRegions = (
				en,
				Base,
			);
			mainGroup = 74A483071CC5E1A8000EAD5F;
			productRefGroup = 74A483111CC5E1A8000EAD5F /* Products */;
			projectDirPath = "";
			projectRoot = "";
			targets = (
				74A4830F1CC5E1A8000EAD5F /* VFL */,
				74A483281CC5E1A8000EAD5F /* VFLTests */,
				74A483331CC5E1A8000EAD5F /* VFLUITests */,
			);
		};
/* End PBXProject section */

/* Begin PBXResourcesBuildPhase section */
		74A4830E1CC5E1A8000EAD5F /* Resources */ = {
			isa = PBXResourcesBuildPhase;
			buildActionMask = 2147483647;
			files = (
				74A483231CC5E1A8000EAD5F /* LaunchScreen.storyboard in Resources */,
				74A483201CC5E1A8000EAD5F /* Assets.xcassets in Resources */,
				74A4831E1CC5E1A8000EAD5F /* Main.storyboard in Resources */,
			);
			runOnlyForDeploymentPostprocessing = 0;
		};
		74A483271CC5E1A8000EAD5F /* Resources */ = {
			isa = PBXResourcesBuildPhase;
			buildActionMask = 2147483647;
			files = (
			);
			runOnlyForDeploymentPostprocessing = 0;
		};
		74A483321CC5E1A8000EAD5F /* Resources */ = {
			isa = PBXResourcesBuildPhase;
			buildActionMask = 2147483647;
			files = (
			);
			runOnlyForDeploymentPostprocessing = 0;
		};
/* End PBXResourcesBuildPhase section */

/* Begin PBXSourcesBuildPhase section */
		74A4830C1CC5E1A8000EAD5F /* Sources */ = {
			isa = PBXSourcesBuildPhase;
			buildActionMask = 2147483647;
			files = (
				74A4831B1CC5E1A8000EAD5F /* ViewController.m in Sources */,
				74A483181CC5E1A8000EAD5F /* AppDelegate.m in Sources */,
				74A483151CC5E1A8000EAD5F /* main.m in Sources */,
			);
			runOnlyForDeploymentPostprocessing = 0;
		};
		74A483251CC5E1A8000EAD5F /* Sources */ = {
			isa = PBXSourcesBuildPhase;
			buildActionMask = 2147483647;
			files = (
				74A4832E1CC5E1A8000EAD5F /* VFLTests.m in Sources */,
			);
			runOnlyForDeploymentPostprocessing = 0;
		};
		74A483301CC5E1A8000EAD5F /* Sources */ = {
			isa = PBXSourcesBuildPhase;
			buildActionMask = 2147483647;
			files = (
				74A483391CC5E1A8000EAD5F /* VFLUITests.m in Sources */,
			);
			runOnlyForDeploymentPostprocessing = 0;
		};
/* End PBXSourcesBuildPhase section */

/* Begin PBXTargetDependency section */
		74A4832B1CC5E1A8000EAD5F /* PBXTargetDependency */ = {
			isa = PBXTargetDependency;
			target = 74A4830F1CC5E1A8000EAD5F /* VFL */;
			targetProxy = 74A4832A1CC5E1A8000EAD5F /* PBXContainerItemProxy */;
		};
		74A483361CC5E1A8000EAD5F /* PBXTargetDependency */ = {
			isa = PBXTargetDependency;
			target = 74A4830F1CC5E1A8000EAD5F /* VFL */;
			targetProxy = 74A483351CC5E1A8000EAD5F /* PBXContainerItemProxy */;
		};
/* End PBXTargetDependency section */

/* Begin PBXVariantGroup section */
		74A4831C1CC5E1A8000EAD5F /* Main.storyboard */ = {
			isa = PBXVariantGroup;
			children = (
				74A4831D1CC5E1A8000EAD5F /* Base */,
			);
			name = Main.storyboard;
			sourceTree = "<group>";
		};
		74A483211CC5E1A8000EAD5F /* LaunchScreen.storyboard */ = {
			isa = PBXVariantGroup;
			children = (
				74A483221CC5E1A8000EAD5F /* Base */,
			);
			name = LaunchScreen.storyboard;
			sourceTree = "<group>";
		};
/* End PBXVariantGroup section */

/* Begin XCBuildConfiguration section */
		74A4833B1CC5E1A8000EAD5F /* Debug */ = {
			isa = XCBuildConfiguration;
			buildSettings = {
				ALWAYS_SEARCH_USER_PATHS = NO;
				CLANG_CXX_LANGUAGE_STANDARD = "gnu++0x";
				CLANG_CXX_LIBRARY = "libc++";
				CLANG_ENABLE_MODULES = YES;
				CLANG_ENABLE_OBJC_ARC = YES;
				CLANG_WARN_BOOL_CONVERSION = YES;
				CLANG_WARN_CONSTANT_CONVERSION = YES;
				CLANG_WARN_DIRECT_OBJC_ISA_USAGE = YES_ERROR;
				CLANG_WARN_EMPTY_BODY = YES;
				CLANG_WARN_ENUM_CONVERSION = YES;
				CLANG_WARN_INT_CONVERSION = YES;
				CLANG_WARN_OBJC_ROOT_CLASS = YES_ERROR;
				CLANG_WARN_UNREACHABLE_CODE = YES;
				CLANG_WARN__DUPLICATE_METHOD_MATCH = YES;
				"CODE_SIGN_IDENTITY[sdk=iphoneos*]" = "iPhone Developer";
				COPY_PHASE_STRIP = NO;
				DEBUG_INFORMATION_FORMAT = dwarf;
				ENABLE_STRICT_OBJC_MSGSEND = YES;
				ENABLE_TESTABILITY = YES;
				GCC_C_LANGUAGE_STANDARD = gnu99;
				GCC_DYNAMIC_NO_PIC = NO;
				GCC_NO_COMMON_BLOCKS = YES;
				GCC_OPTIMIZATION_LEVEL = 0;
				GCC_PREPROCESSOR_DEFINITIONS = (
					"DEBUG=1",
					"$(inherited)",
				);
				GCC_WARN_64_TO_32_BIT_CONVERSION = YES;
				GCC_WARN_ABOUT_RETURN_TYPE = YES_ERROR;
				GCC_WARN_UNDECLARED_SELECTOR = YES;
				GCC_WARN_UNINITIALIZED_AUTOS = YES_AGGRESSIVE;
				GCC_WARN_UNUSED_FUNCTION = YES;
				GCC_WARN_UNUSED_VARIABLE = YES;
				IPHONEOS_DEPLOYMENT_TARGET = 9.2;
				MTL_ENABLE_DEBUG_INFO = YES;
				ONLY_ACTIVE_ARCH = YES;
				SDKROOT = iphoneos;
			};
			name = Debug;
		};
		74A4833C1CC5E1A8000EAD5F /* Release */ = {
			isa = XCBuildConfiguration;
			buildSettings = {
				ALWAYS_SEARCH_USER_PATHS = NO;
				CLANG_CXX_LANGUAGE_STANDARD = "gnu++0x";
				CLANG_CXX_LIBRARY = "libc++";
				CLANG_ENABLE_MODULES = YES;
				CLANG_ENABLE_OBJC_ARC = YES;
				CLANG_WARN_BOOL_CONVERSION = YES;
				CLANG_WARN_CONSTANT_CONVERSION = YES;
				CLANG_WARN_DIRECT_OBJC_ISA_USAGE = YES_ERROR;
				CLANG_WARN_EMPTY_BODY = YES;
				CLANG_WARN_ENUM_CONVERSION = YES;
				CLANG_WARN_INT_CONVERSION = YES;
				CLANG_WARN_OBJC_ROOT_CLASS = YES_ERROR;
				CLANG_WARN_UNREACHABLE_CODE = YES;
				CLANG_WARN__DUPLICATE_METHOD_MATCH = YES;
				"CODE_SIGN_IDENTITY[sdk=iphoneos*]" = "iPhone Developer";
				COPY_PHASE_STRIP = NO;
				DEBUG_INFORMATION_FORMAT = "dwarf-with-dsym";
				ENABLE_NS_ASSERTIONS = NO;
				ENABLE_STRICT_OBJC_MSGSEND = YES;
				GCC_C_LANGUAGE_STANDARD = gnu99;
				GCC_NO_COMMON_BLOCKS = YES;
				GCC_WARN_64_TO_32_BIT_CONVERSION = YES;
				GCC_WARN_ABOUT_RETURN_TYPE = YES_ERROR;
				GCC_WARN_UNDECLARED_SELECTOR = YES;
				GCC_WARN_UNINITIALIZED_AUTOS = YES_AGGRESSIVE;
				GCC_WARN_UNUSED_FUNCTION = YES;
				GCC_WARN_UNUSED_VARIABLE = YES;
				IPHONEOS_DEPLOYMENT_TARGET = 9.2;
				MTL_ENABLE_DEBUG_INFO = NO;
				SDKROOT = iphoneos;
				VALIDATE_PRODUCT = YES;
			};
			name = Release;
		};
		74A4833E1CC5E1A8000EAD5F /* Debug */ = {
			isa = XCBuildConfiguration;
			buildSettings = {
				ASSETCATALOG_COMPILER_APPICON_NAME = AppIcon;
				INFOPLIST_FILE = VFL/Info.plist;
				LD_RUNPATH_SEARCH_PATHS = "$(inherited) @executable_path/Frameworks";
				PRODUCT_BUNDLE_IDENTIFIER = com.storyBoard.VFL;
				PRODUCT_NAME = "$(TARGET_NAME)";
			};
			name = Debug;
		};
		74A4833F1CC5E1A8000EAD5F /* Release */ = {
			isa = XCBuildConfiguration;
			buildSettings = {
				ASSETCATALOG_COMPILER_APPICON_NAME = AppIcon;
				INFOPLIST_FILE = VFL/Info.plist;
				LD_RUNPATH_SEARCH_PATHS = "$(inherited) @executable_path/Frameworks";
				PRODUCT_BUNDLE_IDENTIFIER = com.storyBoard.VFL;
				PRODUCT_NAME = "$(TARGET_NAME)";
			};
			name = Release;
		};
		74A483411CC5E1A8000EAD5F /* Debug */ = {
			isa = XCBuildConfiguration;
			buildSettings = {
				BUNDLE_LOADER = "$(TEST_HOST)";
				INFOPLIST_FILE = VFLTests/Info.plist;
				LD_RUNPATH_SEARCH_PATHS = "$(inherited) @executable_path/Frameworks @loader_path/Frameworks";
				PRODUCT_BUNDLE_IDENTIFIER = com.storyBoard.VFLTests;
				PRODUCT_NAME = "$(TARGET_NAME)";
				TEST_HOST = "$(BUILT_PRODUCTS_DIR)/VFL.app/VFL";
			};
			name = Debug;
		};
		74A483421CC5E1A8000EAD5F /* Release */ = {
			isa = XCBuildConfiguration;
			buildSettings = {
				BUNDLE_LOADER = "$(TEST_HOST)";
				INFOPLIST_FILE = VFLTests/Info.plist;
				LD_RUNPATH_SEARCH_PATHS = "$(inherited) @executable_path/Frameworks @loader_path/Frameworks";
				PRODUCT_BUNDLE_IDENTIFIER = com.storyBoard.VFLTests;
				PRODUCT_NAME = "$(TARGET_NAME)";
				TEST_HOST = "$(BUILT_PRODUCTS_DIR)/VFL.app/VFL";
			};
			name = Release;
		};
		74A483441CC5E1A8000EAD5F /* Debug */ = {
			isa = XCBuildConfiguration;
			buildSettings = {
				INFOPLIST_FILE = VFLUITests/Info.plist;
				LD_RUNPATH_SEARCH_PATHS = "$(inherited) @executable_path/Frameworks @loader_path/Frameworks";
				PRODUCT_BUNDLE_IDENTIFIER = com.storyBoard.VFLUITests;
				PRODUCT_NAME = "$(TARGET_NAME)";
				TEST_TARGET_NAME = VFL;
				USES_XCTRUNNER = YES;
			};
			name = Debug;
		};
		74A483451CC5E1A8000EAD5F /* Release */ = {
			isa = XCBuildConfiguration;
			buildSettings = {
				INFOPLIST_FILE = VFLUITests/Info.plist;
				LD_RUNPATH_SEARCH_PATHS = "$(inherited) @executable_path/Frameworks @loader_path/Frameworks";
				PRODUCT_BUNDLE_IDENTIFIER = com.storyBoard.VFLUITests;
				PRODUCT_NAME = "$(TARGET_NAME)";
				TEST_TARGET_NAME = VFL;
				USES_XCTRUNNER = YES;
			};
			name = Release;
		};
/* End XCBuildConfiguration section */

/* Begin XCConfigurationList section */
		74A4830B1CC5E1A8000EAD5F /* Build configuration list for PBXProject "VFL" */ = {
			isa = XCConfigurationList;
			buildConfigurations = (
				74A4833B1CC5E1A8000EAD5F /* Debug */,
				74A4833C1CC5E1A8000EAD5F /* Release */,
			);
			defaultConfigurationIsVisible = 0;
			defaultConfigurationName = Release;
		};
		74A4833D1CC5E1A8000EAD5F /* Build configuration list for PBXNativeTarget "VFL" */ = {
			isa = XCConfigurationList;
			buildConfigurations = (
				74A4833E1CC5E1A8000EAD5F /* Debug */,
				74A4833F1CC5E1A8000EAD5F /* Release */,
			);
			defaultConfigurationIsVisible = 0;
		};
		74A483401CC5E1A8000EAD5F /* Build configuration list for PBXNativeTarget "VFLTests" */ = {
			isa = XCConfigurationList;
			buildConfigurations = (
				74A483411CC5E1A8000EAD5F /* Debug */,
				74A483421CC5E1A8000EAD5F /* Release */,
			);
			defaultConfigurationIsVisible = 0;
		};
		74A483431CC5E1A8000EAD5F /* Build configuration list for PBXNativeTarget "VFLUITests" */ = {
			isa = XCConfigurationList;
			buildConfigurations = (
				74A483441CC5E1A8000EAD5F /* Debug */,
				74A483451CC5E1A8000EAD5F /* Release */,
			);
			defaultConfigurationIsVisible = 0;
		};
/* End XCConfigurationList section */
	};
	rootObject = 74A483081CC5E1A8000EAD5F /* Project object */;
}
